{
  "version": 4,
  "terraform_version": "1.5.3",
  "serial": 9,
  "lineage": "cc41fab1-8974-9d66-75ca-c824cf40394b",
  "outputs": {
    "backup_plan_id": {
      "value": "f72a33ce-e6e1-4447-b7c3-67e7b436c5d8",
      "type": "string"
    },
    "backup_selection_id": {
      "value": "ddccc2f8-38af-401b-b045-4d5580dd475b",
      "type": "string"
    },
    "iam_role_arn": {
      "value": "arn:aws:iam::313086110842:role/backup-service-role",
      "type": "string"
    },
    "rds_cluster_arn": {
      "value": "arn:aws:rds:us-west-2:313086110842:cluster:aurora-cluster-demo",
      "type": "string"
    }
  },
  "resources": [
    {
      "mode": "managed",
      "type": "aws_backup_plan",
      "name": "example",
      "provider": "provider[\"registry.terraform.io/hashicorp/aws\"]",
      "instances": [
        {
          "schema_version": 0,
          "attributes": {
            "advanced_backup_setting": [],
            "arn": "arn:aws:backup:us-west-2:313086110842:backup-plan:f72a33ce-e6e1-4447-b7c3-67e7b436c5d8",
            "id": "f72a33ce-e6e1-4447-b7c3-67e7b436c5d8",
            "name": "automated-backup-plan",
            "rule": [
              {
                "completion_window": 180,
                "copy_action": [],
                "enable_continuous_backup": false,
                "lifecycle": [],
                "recovery_point_tags": null,
                "rule_name": "rds-rule",
                "schedule": "cron(0 12 * * ? *)",
                "start_window": 60,
                "target_vault_name": "my-backup-vault"
              }
            ],
            "tags": null,
            "tags_all": {},
            "version": "MGYwYjVhYzQtMDgzNy00NGI4LWI3ZmMtZDYwYWZmNDJmYTY1"
          },
          "sensitive_attributes": [],
          "private": "bnVsbA=="
        }
      ]
    },
    {
      "mode": "managed",
      "type": "aws_backup_selection",
      "name": "example",
      "provider": "provider[\"registry.terraform.io/hashicorp/aws\"]",
      "instances": [
        {
          "schema_version": 0,
          "attributes": {
            "condition": [
              {
                "string_equals": [],
                "string_like": [],
                "string_not_equals": [],
                "string_not_like": []
              }
            ],
            "iam_role_arn": "arn:aws:iam::313086110842:role/backup-service-role",
            "id": "ddccc2f8-38af-401b-b045-4d5580dd475b",
            "name": "automated-backup-selection",
            "not_resources": [],
            "plan_id": "f72a33ce-e6e1-4447-b7c3-67e7b436c5d8",
            "resources": [
              "arn:aws:rds:us-west-2:313086110842:cluster:aurora-cluster-demo"
            ],
            "selection_tag": []
          },
          "sensitive_attributes": [],
          "private": "bnVsbA==",
          "dependencies": [
            "aws_backup_plan.example",
            "aws_iam_role.example",
            "aws_rds_cluster.example"
          ]
        }
      ]
    },
    {
      "mode": "managed",
      "type": "aws_iam_role",
      "name": "example",
      "provider": "provider[\"registry.terraform.io/hashicorp/aws\"]",
      "instances": [
        {
          "schema_version": 0,
          "attributes": {
            "arn": "arn:aws:iam::313086110842:role/backup-service-role",
            "assume_role_policy": "{\"Version\":\"2012-10-17\",\"Statement\":[{\"Effect\":\"Allow\",\"Principal\":{\"Service\":\"backup.amazonaws.com\"},\"Action\":\"sts:AssumeRole\"}]}",
            "create_date": "2023-07-15T10:32:21Z",
            "description": "",
            "force_detach_policies": false,
            "id": "backup-service-role",
            "inline_policy": [
              {
                "name": "",
                "policy": ""
              }
            ],
            "managed_policy_arns": [
              "arn:aws:iam::aws:policy/service-role/AWSBackupServiceRolePolicyForBackup"
            ],
            "max_session_duration": 3600,
            "name": "backup-service-role",
            "name_prefix": "",
            "path": "/",
            "permissions_boundary": null,
            "tags": {},
            "tags_all": {},
            "unique_id": "AROAURZLC5R5OBMT2UBRZ"
          },
          "sensitive_attributes": [],
          "private": "bnVsbA=="
        }
      ]
    },
    {
      "mode": "managed",
      "type": "aws_iam_role_policy_attachment",
      "name": "example",
      "provider": "provider[\"registry.terraform.io/hashicorp/aws\"]",
      "instances": [
        {
          "schema_version": 0,
          "attributes": {
            "id": "backup-service-role-20230715103226825100000001",
            "policy_arn": "arn:aws:iam::aws:policy/service-role/AWSBackupServiceRolePolicyForBackup",
            "role": "backup-service-role"
          },
          "sensitive_attributes": [],
          "private": "bnVsbA==",
          "dependencies": [
            "aws_iam_role.example"
          ]
        }
      ]
    },
    {
      "mode": "managed",
      "type": "aws_rds_cluster",
      "name": "example",
      "provider": "provider[\"registry.terraform.io/hashicorp/aws\"]",
      "instances": [
        {
          "schema_version": 0,
          "attributes": {
            "allow_major_version_upgrade": null,
            "apply_immediately": null,
            "arn": "arn:aws:rds:us-west-2:313086110842:cluster:aurora-cluster-demo",
            "availability_zones": [
              "us-west-2a",
              "us-west-2b",
              "us-west-2c"
            ],
            "backtrack_window": 0,
            "backup_retention_period": 5,
            "cluster_identifier": "aurora-cluster-demo",
            "cluster_identifier_prefix": null,
            "cluster_members": [],
            "cluster_resource_id": "cluster-6ZPFX73N5JIYNTRBN5UATOIEVE",
            "copy_tags_to_snapshot": false,
            "database_name": "postgres",
            "db_cluster_parameter_group_name": "default.aurora-postgresql13",
            "db_instance_parameter_group_name": null,
            "db_subnet_group_name": "default",
            "deletion_protection": false,
            "enable_global_write_forwarding": false,
            "enable_http_endpoint": false,
            "enabled_cloudwatch_logs_exports": [],
            "endpoint": "aurora-cluster-demo.cluster-cor148byukid.us-west-2.rds.amazonaws.com",
            "engine": "aurora-postgresql",
            "engine_mode": "provisioned",
            "engine_version": "13.7",
            "engine_version_actual": "13.7",
            "final_snapshot_identifier": null,
            "global_cluster_identifier": "",
            "hosted_zone_id": "Z1PVIF0B656C1W",
            "iam_database_authentication_enabled": false,
            "iam_roles": [],
            "id": "aurora-cluster-demo",
            "kms_key_id": "",
            "master_password": "12345678",
            "master_username": "postgres",
            "port": 5432,
            "preferred_backup_window": "07:00-09:00",
            "preferred_maintenance_window": "mon:06:16-mon:06:46",
            "reader_endpoint": "aurora-cluster-demo.cluster-ro-cor148byukid.us-west-2.rds.amazonaws.com",
            "replication_source_identifier": "",
            "restore_to_point_in_time": [],
            "s3_import": [],
            "scaling_configuration": [],
            "skip_final_snapshot": false,
            "snapshot_identifier": null,
            "source_region": null,
            "storage_encrypted": false,
            "tags": {},
            "tags_all": {},
            "timeouts": null,
            "vpc_security_group_ids": [
              "sg-03de1a59c1f489da0"
            ]
          },
          "sensitive_attributes": [],
          "private": "eyJlMmJmYjczMC1lY2FhLTExZTYtOGY4OC0zNDM2M2JjN2M0YzAiOnsiY3JlYXRlIjo3MjAwMDAwMDAwMDAwLCJkZWxldGUiOjcyMDAwMDAwMDAwMDAsInVwZGF0ZSI6NzIwMDAwMDAwMDAwMH19"
        }
      ]
    }
  ],
  "check_results": null
}
